
Microsoft Visual Studio Solution File, Format Version 12.00
# Visual Studio 14
VisualStudioVersion = 14.0.25420.1
MinimumVisualStudioVersion = 10.0.40219.1
Project("{8BC9CEB8-8B4A-11D0-8D11-00A0C91BC942}") = "PhoediX", "PhoediX.vcxproj", "{3D6D3EA3-B236-5693-B507-F421AA3B76CD}"
EndProject
Project("{8BC9CEB8-8B4A-11D0-8D11-00A0C91BC942}") = "LibRaw_make", "LibRaw_make\LibRaw_make.vcxproj", "{3E70F8EE-0452-405D-B660-876FA11D37F0}"
EndProject
Project("{8BC9CEB8-8B4A-11D0-8D11-00A0C91BC942}") = "libtiff_make", "libtiff_make\libtiff_make.vcxproj", "{DF809B03-F936-4DC9-BDFE-8734AEED12CA}"
EndProject
Project("{8BC9CEB8-8B4A-11D0-8D11-00A0C91BC942}") = "wxWidgetsBuild", "wxWidgetsBuild\wxWidgetsBuild.vcxproj", "{5A735FCC-F73D-47BA-8F14-C475E1610E44}"
EndProject
Global
	GlobalSection(SolutionConfigurationPlatforms) = preSolution
		Debug|x64 = Debug|x64
		Debug|x86 = Debug|x86
		Release|x64 = Release|x64
		Release|x86 = Release|x86
	EndGlobalSection
	GlobalSection(ProjectConfigurationPlatforms) = postSolution
		{3D6D3EA3-B236-5693-B507-F421AA3B76CD}.Debug|x64.ActiveCfg = Debug|x64
		{3D6D3EA3-B236-5693-B507-F421AA3B76CD}.Debug|x64.Build.0 = Debug|x64
		{3D6D3EA3-B236-5693-B507-F421AA3B76CD}.Debug|x86.ActiveCfg = Debug|x64
		{3D6D3EA3-B236-5693-B507-F421AA3B76CD}.Release|x64.ActiveCfg = Release|x64
		{3D6D3EA3-B236-5693-B507-F421AA3B76CD}.Release|x64.Build.0 = Release|x64
		{3D6D3EA3-B236-5693-B507-F421AA3B76CD}.Release|x86.ActiveCfg = Release|x64
		{3E70F8EE-0452-405D-B660-876FA11D37F0}.Debug|x64.ActiveCfg = Debug|x64
		{3E70F8EE-0452-405D-B660-876FA11D37F0}.Debug|x64.Build.0 = Debug|x64
		{3E70F8EE-0452-405D-B660-876FA11D37F0}.Debug|x86.ActiveCfg = Debug|Win32
		{3E70F8EE-0452-405D-B660-876FA11D37F0}.Debug|x86.Build.0 = Debug|Win32
		{3E70F8EE-0452-405D-B660-876FA11D37F0}.Release|x64.ActiveCfg = Release|x64
		{3E70F8EE-0452-405D-B660-876FA11D37F0}.Release|x64.Build.0 = Release|x64
		{3E70F8EE-0452-405D-B660-876FA11D37F0}.Release|x86.ActiveCfg = Release|Win32
		{3E70F8EE-0452-405D-B660-876FA11D37F0}.Release|x86.Build.0 = Release|Win32
		{DF809B03-F936-4DC9-BDFE-8734AEED12CA}.Debug|x64.ActiveCfg = Debug|x64
		{DF809B03-F936-4DC9-BDFE-8734AEED12CA}.Debug|x64.Build.0 = Debug|x64
		{DF809B03-F936-4DC9-BDFE-8734AEED12CA}.Debug|x86.ActiveCfg = Debug|Win32
		{DF809B03-F936-4DC9-BDFE-8734AEED12CA}.Debug|x86.Build.0 = Debug|Win32
		{DF809B03-F936-4DC9-BDFE-8734AEED12CA}.Release|x64.ActiveCfg = Release|x64
		{DF809B03-F936-4DC9-BDFE-8734AEED12CA}.Release|x64.Build.0 = Release|x64
		{DF809B03-F936-4DC9-BDFE-8734AEED12CA}.Release|x86.ActiveCfg = Release|Win32
		{DF809B03-F936-4DC9-BDFE-8734AEED12CA}.Release|x86.Build.0 = Release|Win32
		{5A735FCC-F73D-47BA-8F14-C475E1610E44}.Debug|x64.ActiveCfg = Debug|x64
		{5A735FCC-F73D-47BA-8F14-C475E1610E44}.Debug|x64.Build.0 = Debug|x64
		{5A735FCC-F73D-47BA-8F14-C475E1610E44}.Debug|x86.ActiveCfg = Debug|Win32
		{5A735FCC-F73D-47BA-8F14-C475E1610E44}.Debug|x86.Build.0 = Debug|Win32
		{5A735FCC-F73D-47BA-8F14-C475E1610E44}.Release|x64.ActiveCfg = Release|x64
		{5A735FCC-F73D-47BA-8F14-C475E1610E44}.Release|x64.Build.0 = Release|x64
		{5A735FCC-F73D-47BA-8F14-C475E1610E44}.Release|x86.ActiveCfg = Release|Win32
		{5A735FCC-F73D-47BA-8F14-C475E1610E44}.Release|x86.Build.0 = Release|Win32
	EndGlobalSection
	GlobalSection(SolutionProperties) = preSolution
		HideSolutionNode = FALSE
	EndGlobalSection
	GlobalSection(ExtensibilityGlobals) = postSolution
		SolutionGuid = {B42C0C3A-B9CD-4C32-9797-2B06C6F3CE3D}
	EndGlobalSection
EndGlobal
